github.com/pedroalbanese/cmac v0.0.0-20210429130952-a58975ec8f4c h1:mX7NRMOVOwh5IVth4a/wsF5ZSO8uAZ6/NNepa07u9jg=
github.com/pedroalbanese/cmac v0.0.0-20210429130952-a58975ec8f4c/go.mod h1:5AAl1CY49A0PRTLlbGIOkmWLRyDY3c9WfBjdOWDGWww=
github.com/pedroalbanese/gogost v0.0.0-20211014003605-9ecaedea82e0 h1:SkvrDTuQuw4atoTyObTT6Kw/5iPCmuUxss1gqLB8QJo=
github.com/pedroalbanese/gogost v0.0.0-20211014003605-9ecaedea82e0/go.mod h1:OE57eDVJnUjrOz821fgDD0maXt4RmTXjoXTaTv7f3wM=
github.com/pedroalbanese/gost-shred v1.0.0 h1:SAt1e5g9P3TSsWq7Wuep6RnBt6W9F2gBXwxvqd5+XSM=
github.com/pedroalbanese/gost-shred v1.0.0/go.mod h1:XUI6XwNsx4dr1SkBV9BL4UlqLe9uk6fdW4gg++HF9fc=
github.com/pedroalbanese/randomart v0.0.0-20130402080559-540116cac932 h1:lhyWm5kEilIJI800qc210GWsjJmln9o3vEr71nur//U=
github.com/pedroalbanese/randomart v0.0.0-20130402080559-540116cac932/go.mod h1:VkPk1ppMWhMMgMxu4kLy8vGEvxY3Q+hp/SN9za0GKxc=
golang.org/x/crypto v0.0.0-20210503195802-e9a32991a82e/go.mod h1:P+XmwS30IXTQdn5tA2iutPOUgjI07+tq3H3K9MVA1s8=
golang.org/x/crypto v0.0.0-20210921155107-089bfa567519 h1:7I4JAnoQBe7ZtJcBaYHi5UtiO8tQHbUSXxL+pnGRANg=
golang.org/x/crypto v0.0.0-20210921155107-089bfa567519/go.mod h1:GvvjBRRGRdwPK5ydBHafDWAxML/pGHZbMvKqRZ5+Abc=
golang.org/x/net v0.0.0-20210226172049-e18ecbb05110/go.mod h1:m0MpNAwzfU5UDzcl9v0D8zg8gWTRqZa9RBIspLL5mdg=
golang.org/x/net v0.0.0-20211013171255-e13a2654a71e h1:Xj+JO91noE97IN6F/7WZxzC5QE6yENAQPrwIYhW3bsA=
golang.org/x/net v0.0.0-20211013171255-e13a2654a71e/go.mod h1:9nx3DQGgdP8bBQD5qxJ1jj9UTztislL4KSBs9R2vV5Y=
golang.org/x/sys v0.0.0-20201119102817-f84b799fce68/go.mod h1:h1NjWce9XRLGQEsW7wpKNCjG9DtNlClVuFLEZdDNbEs=
golang.org/x/sys v0.0.0-20210423082822-04245dca01da/go.mod h1:h1NjWce9XRLGQEsW7wpKNCjG9DtNlClVuFLEZdDNbEs=
golang.org/x/sys v0.0.0-20210615035016-665e8c7367d1 h1:SrN+KX8Art/Sf4HNj6Zcz06G7VEz+7w9tdXTPOZ7+l4=
golang.org/x/sys v0.0.0-20210615035016-665e8c7367d1/go.mod h1:oPkhp1MJrh7nUepCBck5+mAzfO9JrbApNNgaTdGDITg=
golang.org/x/term v0.0.0-20201126162022-7de9c90e9dd1/go.mod h1:bj7SfCRtBDWHUb9snDiAeCFNEtKQo2Wmx5Cou7ajbmo=
golang.org/x/text v0.3.3/go.mod h1:5Zoc/QRtKVWzQhOtBMvqHzDpF6irO9z98xDceosuGiQ=
golang.org/x/text v0.3.6 h1:aRYxNxv6iGQlyVaZmk6ZgYEDa+Jg18DxebPSrd6bg1M=
golang.org/x/text v0.3.6/go.mod h1:5Zoc/QRtKVWzQhOtBMvqHzDpF6irO9z98xDceosuGiQ=
golang.org/x/tools v0.0.0-20180917221912-90fa682c2a6e/go.mod h1:n7NCudcB/nEzxVGmLbDWY5pfWTLqBcC2KZ6jyYvM4mQ=
